lockfileVersion: '9.0'

settings:
  autoInstallPeers: true
  excludeLinksFromLockfile: false

importers:

  .:
    devDependencies:
      '@types/node':
        specifier: ^22.10.10
        version: 22.10.10
      prettier:
        specifier: ^3.4.2
        version: 3.4.2
      turbo:
        specifier: ^2.3.4
        version: 2.3.4
      typescript:
        specifier: ^5.7.3
        version: 5.7.3

packages:

  '@types/node@22.10.10':
    resolution: {integrity: sha512-X47y/mPNzxviAGY5TcYPtYL8JsY3kAq2n8fMmKoRCxq/c4v4pyGNCzM2R6+M5/umG4ZfHuT+sgqDYqWc9rJ6ww==}

  prettier@3.4.2:
    resolution: {integrity: sha512-e9MewbtFo+Fevyuxn/4rrcDAaq0IYxPGLvObpQjiZBMAzB9IGmzlnG9RZy3FFas+eBMu2vA0CszMeduow5dIuQ==}
    engines: {node: '>=14'}
    hasBin: true

  turbo-darwin-64@2.3.4:
    resolution: {integrity: sha512-uOi/cUIGQI7uakZygH+cZQ5D4w+aMLlVCN2KTGot+cmefatps2ZmRRufuHrEM0Rl63opdKD8/JIu+54s25qkfg==}
    cpu: [x64]
    os: [darwin]

  turbo-darwin-arm64@2.3.4:
    resolution: {integrity: sha512-IIM1Lq5R+EGMtM1YFGl4x8Xkr0MWb4HvyU8N4LNoQ1Be5aycrOE+VVfH+cDg/Q4csn+8bxCOxhRp5KmUflrVTQ==}
    cpu: [arm64]
    os: [darwin]

  turbo-linux-64@2.3.4:
    resolution: {integrity: sha512-1aD2EfR7NfjFXNH3mYU5gybLJEFi2IGOoKwoPLchAFRQ6OEJQj201/oNo9CDL75IIrQo64/NpEgVyZtoPlfhfA==}
    cpu: [x64]
    os: [linux]

  turbo-linux-arm64@2.3.4:
    resolution: {integrity: sha512-MxTpdKwxCaA5IlybPxgGLu54fT2svdqTIxRd0TQmpRJIjM0s4kbM+7YiLk0mOh6dGqlWPUsxz/A0Mkn8Xr5o7Q==}
    cpu: [arm64]
    os: [linux]

  turbo-windows-64@2.3.4:
    resolution: {integrity: sha512-yyCrWqcRGu1AOOlrYzRnizEtdkqi+qKP0MW9dbk9OsMDXaOI5jlWtTY/AtWMkLw/czVJ7yS9Ex1vi9DB6YsFvw==}
    cpu: [x64]
    os: [win32]

  turbo-windows-arm64@2.3.4:
    resolution: {integrity: sha512-PggC3qH+njPfn1PDVwKrQvvQby8X09ufbqZ2Ha4uSu+5TvPorHHkAbZVHKYj2Y+tvVzxRzi4Sv6NdHXBS9Be5w==}
    cpu: [arm64]
    os: [win32]

  turbo@2.3.4:
    resolution: {integrity: sha512-1kiLO5C0Okh5ay1DbHsxkPsw9Sjsbjzm6cF85CpWjR0BIyBFNDbKqtUyqGADRS1dbbZoQanJZVj4MS5kk8J42Q==}
    hasBin: true

  typescript@5.7.3:
    resolution: {integrity: sha512-84MVSjMEHP+FQRPy3pX9sTVV/INIex71s9TL2Gm5FG/WG1SqXeKyZ0k7/blY/4FdOzI12CBy1vGc4og/eus0fw==}
    engines: {node: '>=14.17'}
    hasBin: true

  undici-types@6.20.0:
    resolution: {integrity: sha512-Ny6QZ2Nju20vw1SRHe3d9jVu6gJ+4e3+MMpqu7pqE5HT6WsTSlce++GQmK5UXS8mzV8DSYHrQH+Xrf2jVcuKNg==}

snapshots:

  '@types/node@22.10.10':
    dependencies:
      undici-types: 6.20.0

  prettier@3.4.2: {}

  turbo-darwin-64@2.3.4:
    optional: true

  turbo-darwin-arm64@2.3.4:
    optional: true

  turbo-linux-64@2.3.4:
    optional: true

  turbo-linux-arm64@2.3.4:
    optional: true

  turbo-windows-64@2.3.4:
    optional: true

  turbo-windows-arm64@2.3.4:
    optional: true

  turbo@2.3.4:
    optionalDependencies:
      turbo-darwin-64: 2.3.4
      turbo-darwin-arm64: 2.3.4
      turbo-linux-64: 2.3.4
      turbo-linux-arm64: 2.3.4
      turbo-windows-64: 2.3.4
      turbo-windows-arm64: 2.3.4

  typescript@5.7.3: {}

  undici-types@6.20.0: {}
